
Microsoft Visual Studio Solution File, Format Version 11.00
# Visual Studio 2010
Project("{FAE04EC0-301F-11D3-BF4B-00C04F79EFBC}") = "Assembly-CSharp", "Assembly-CSharp.csproj", "{FADB6FC3-D7FF-37D0-7013-AD2B8BFBB513}"
EndProject
Global
	GlobalSection(SolutionConfigurationPlatforms) = preSolution
		Debug|Any CPU = Debug|Any CPU
		Release|Any CPU = Release|Any CPU
	EndGlobalSection
	GlobalSection(ProjectConfigurationPlatforms) = postSolution
		{FADB6FC3-D7FF-37D0-7013-AD2B8BFBB513}.Debug|Any CPU.ActiveCfg = Debug|Any CPU
		{FADB6FC3-D7FF-37D0-7013-AD2B8BFBB513}.Debug|Any CPU.Build.0 = Debug|Any CPU
		{FADB6FC3-D7FF-37D0-7013-AD2B8BFBB513}.Release|Any CPU.ActiveCfg = Release|Any CPU
		{FADB6FC3-D7FF-37D0-7013-AD2B8BFBB513}.Release|Any CPU.Build.0 = Release|Any CPU
	EndGlobalSection
	GlobalSection(SolutionProperties) = preSolution
		HideSolutionNode = FALSE
	EndGlobalSection
	GlobalSection(MonoDevelopProperties) = preSolution
		StartupItem = Assembly-CSharp.csproj
	EndGlobalSection
EndGlobal
